{
  "name": "android-browser",
  "version": "1.0.0",
  "lockfileVersion": 1,
  "requires": true,
  "dependencies": {
    "ecstatic": {
      "version": "0.8.0",
      "resolved": "https://nexus.tnt-digital.io/repository/npm-public/ecstatic/-/ecstatic-0.8.0.tgz",
      "integrity": "sha1-Eb3++BOawqSFGmBgi4FFBt5lqkg=",
      "requires": {
        "he": "^0.5.0",
        "mime": "^1.2.11",
        "minimist": "^1.1.0",
        "url-join": "0.0.1"
      }
    },
    "he": {
      "version": "0.5.0",
      "resolved": "https://nexus.tnt-digital.io/repository/npm-public/he/-/he-0.5.0.tgz",
      "integrity": "sha1-LAX/rvkLaOhg8/0rVO9YCYknfuI="
    },
    "micro-router": {
      "version": "0.2.0",
      "resolved": "https://registry.npmjs.org/micro-router/-/micro-router-0.2.0.tgz",
      "integrity": "sha512-1bn9njdJLsa41AtFV+CiIyQ1GEmmQXt2IyVUOEyUeQvlnJnBCK7D1/Y4rCOJDHiICpj7UKNm16rLLPwl7DaTeA=="
    },
    "mime": {
      "version": "1.6.0",
      "resolved": "https://nexus.tnt-digital.io/repository/npm-public/mime/-/mime-1.6.0.tgz",
      "integrity": "sha512-x0Vn8spI+wuJ1O6S7gnbaQg8Pxh4NNHb7KSINmEWKiPE4RKOplvijn+NkmYmmRgP68mc70j2EbeTFRsrswaQeg=="
    },
    "minimist": {
      "version": "1.2.8",
      "resolved": "https://registry.npmjs.org/minimist/-/minimist-1.2.8.tgz",
      "integrity": "sha512-2yyAR8qBkN3YuheJanUpWC5U3bb5osDywNB8RzDVlDwDHbocAJveqqj1u8+SVD7jkWT4yvsHCpWqqWqAxb0zCA=="
    },
    "query-string": {
      "version": "2.4.2",
      "resolved": "https://nexus.tnt-digital.io/repository/npm-public/query-string/-/query-string-2.4.2.tgz",
      "integrity": "sha1-fbBmZCCAS6qSrp8miWKFWnYUPfs=",
      "requires": {
        "strict-uri-encode": "^1.0.0"
      }
    },
    "run-waterfall": {
      "version": "1.1.6",
      "resolved": "https://nexus.tnt-digital.io/repository/npm-public/run-waterfall/-/run-waterfall-1.1.6.tgz",
      "integrity": "sha512-dApPbpIK0hbFi2zqfJxrsnfmJW2HCQHFrSsmqF3Fp9TKm5WVf++zE6BSw0hPcA7rPapO37h12Swk2E6Va3tF7Q=="
    },
    "strict-uri-encode": {
      "version": "1.1.0",
      "resolved": "https://nexus.tnt-digital.io/repository/npm-public/strict-uri-encode/-/strict-uri-encode-1.1.0.tgz",
      "integrity": "sha1-J5siXfHVgrH1TmWt3UNS4Y+qBxM="
    },
    "url-join": {
      "version": "0.0.1",
      "resolved": "https://nexus.tnt-digital.io/repository/npm-public/url-join/-/url-join-0.0.1.tgz",
      "integrity": "sha1-HbSK1CLTQCRpqH99l73r/k+x48g="
    }
  }
}
